// !$*UTF8*$!
{
	archiveVersion = 1;
	classes = {
	};
	objectVersion = 56;
	objects = {

/* Begin PBXBuildFile section */
		3779A52F2AEBEC7A0056D734 /* FastLoanApp.swift in Sources */ = {isa = PBXBuildFile; fileRef = 3779A52E2AEBEC7A0056D734 /* FastLoanApp.swift */; };
		3779A5312AEBEC7A0056D734 /* ContentView.swift in Sources */ = {isa = PBXBuildFile; fileRef = 3779A5302AEBEC7A0056D734 /* ContentView.swift */; };
		3779A5332AEBEC7D0056D734 /* Assets.xcassets in Resources */ = {isa = PBXBuildFile; fileRef = 3779A5322AEBEC7D0056D734 /* Assets.xcassets */; };
		3779A5362AEBEC7D0056D734 /* Preview Assets.xcassets in Resources */ = {isa = PBXBuildFile; fileRef = 3779A5352AEBEC7D0056D734 /* Preview Assets.xcassets */; };
		37A4FE8F2AEBF5B70066E8E2 /* WelView.swift in Sources */ = {isa = PBXBuildFile; fileRef = 37A4FE8E2AEBF5B70066E8E2 /* WelView.swift */; };
		37A4FE912AEBFE930066E8E2 /* HomeView.swift in Sources */ = {isa = PBXBuildFile; fileRef = 37A4FE902AEBFE930066E8E2 /* HomeView.swift */; };
		37A4FE932AEC392B0066E8E2 /* SplashView.swift in Sources */ = {isa = PBXBuildFile; fileRef = 37A4FE922AEC392B0066E8E2 /* SplashView.swift */; };
		37A4FE952AEC3E400066E8E2 /* SignInView.swift in Sources */ = {isa = PBXBuildFile; fileRef = 37A4FE942AEC3E400066E8E2 /* SignInView.swift */; };
		37A4FE972AEC65310066E8E2 /* TapView.swift in Sources */ = {isa = PBXBuildFile; fileRef = 37A4FE962AEC65310066E8E2 /* TapView.swift */; };
		37A4FE992AEC66D50066E8E2 /* NewLoanView.swift in Sources */ = {isa = PBXBuildFile; fileRef = 37A4FE982AEC66D50066E8E2 /* NewLoanView.swift */; };
		37A4FE9B2AEC6FDA0066E8E2 /* AccountView.swift in Sources */ = {isa = PBXBuildFile; fileRef = 37A4FE9A2AEC6FDA0066E8E2 /* AccountView.swift */; };
		37A4FE9D2AED75C70066E8E2 /* SuccView.swift in Sources */ = {isa = PBXBuildFile; fileRef = 37A4FE9C2AED75C70066E8E2 /* SuccView.swift */; };
		37A4FE9F2AED79900066E8E2 /* WrongView.swift in Sources */ = {isa = PBXBuildFile; fileRef = 37A4FE9E2AED79900066E8E2 /* WrongView.swift */; };
/* End PBXBuildFile section */

/* Begin PBXFileReference section */
		3779A52B2AEBEC7A0056D734 /* FastLoan.app */ = {isa = PBXFileReference; explicitFileType = wrapper.application; includeInIndex = 0; path = FastLoan.app; sourceTree = BUILT_PRODUCTS_DIR; };
		3779A52E2AEBEC7A0056D734 /* FastLoanApp.swift */ = {isa = PBXFileReference; lastKnownFileType = sourcecode.swift; path = FastLoanApp.swift; sourceTree = "<group>"; };
		3779A5302AEBEC7A0056D734 /* ContentView.swift */ = {isa = PBXFileReference; lastKnownFileType = sourcecode.swift; path = ContentView.swift; sourceTree = "<group>"; };
		3779A5322AEBEC7D0056D734 /* Assets.xcassets */ = {isa = PBXFileReference; lastKnownFileType = folder.assetcatalog; path = Assets.xcassets; sourceTree = "<group>"; };
		3779A5352AEBEC7D0056D734 /* Preview Assets.xcassets */ = {isa = PBXFileReference; lastKnownFileType = folder.assetcatalog; path = "Preview Assets.xcassets"; sourceTree = "<group>"; };
		37A4FE8E2AEBF5B70066E8E2 /* WelView.swift */ = {isa = PBXFileReference; lastKnownFileType = sourcecode.swift; path = WelView.swift; sourceTree = "<group>"; };
		37A4FE902AEBFE930066E8E2 /* HomeView.swift */ = {isa = PBXFileReference; lastKnownFileType = sourcecode.swift; path = HomeView.swift; sourceTree = "<group>"; };
		37A4FE922AEC392B0066E8E2 /* SplashView.swift */ = {isa = PBXFileReference; lastKnownFileType = sourcecode.swift; path = SplashView.swift; sourceTree = "<group>"; };
		37A4FE942AEC3E400066E8E2 /* SignInView.swift */ = {isa = PBXFileReference; lastKnownFileType = sourcecode.swift; path = SignInView.swift; sourceTree = "<group>"; };
		37A4FE962AEC65310066E8E2 /* TapView.swift */ = {isa = PBXFileReference; lastKnownFileType = sourcecode.swift; path = TapView.swift; sourceTree = "<group>"; };
		37A4FE982AEC66D50066E8E2 /* NewLoanView.swift */ = {isa = PBXFileReference; lastKnownFileType = sourcecode.swift; path = NewLoanView.swift; sourceTree = "<group>"; };
		37A4FE9A2AEC6FDA0066E8E2 /* AccountView.swift */ = {isa = PBXFileReference; lastKnownFileType = sourcecode.swift; path = AccountView.swift; sourceTree = "<group>"; };
		37A4FE9C2AED75C70066E8E2 /* SuccView.swift */ = {isa = PBXFileReference; lastKnownFileType = sourcecode.swift; path = SuccView.swift; sourceTree = "<group>"; };
		37A4FE9E2AED79900066E8E2 /* WrongView.swift */ = {isa = PBXFileReference; lastKnownFileType = sourcecode.swift; path = WrongView.swift; sourceTree = "<group>"; };
/* End PBXFileReference section */

/* Begin PBXFrameworksBuildPhase section */
		3779A5282AEBEC7A0056D734 /* Frameworks */ = {
			isa = PBXFrameworksBuildPhase;
			buildActionMask = 2147483647;
			files = (
			);
			runOnlyForDeploymentPostprocessing = 0;
		};
/* End PBXFrameworksBuildPhase section */

/* Begin PBXGroup section */
		3779A5222AEBEC7A0056D734 = {
			isa = PBXGroup;
			children = (
				37A4FEA02AED8B5D0066E8E2 /* Views */,
				3779A52D2AEBEC7A0056D734 /* FastLoan */,
				3779A52C2AEBEC7A0056D734 /* Products */,
			);
			sourceTree = "<group>";
		};
		3779A52C2AEBEC7A0056D734 /* Products */ = {
			isa = PBXGroup;
			children = (
				3779A52B2AEBEC7A0056D734 /* FastLoan.app */,
			);
			name = Products;
			sourceTree = "<group>";
		};
		3779A52D2AEBEC7A0056D734 /* FastLoan */ = {
			isa = PBXGroup;
			children = (
				3779A52E2AEBEC7A0056D734 /* FastLoanApp.swift */,
				3779A5302AEBEC7A0056D734 /* ContentView.swift */,
				3779A5322AEBEC7D0056D734 /* Assets.xcassets */,
				3779A5342AEBEC7D0056D734 /* Preview Content */,
			);
			path = FastLoan;
			sourceTree = "<group>";
		};
		3779A5342AEBEC7D0056D734 /* Preview Content */ = {
			isa = PBXGroup;
			children = (
				3779A5352AEBEC7D0056D734 /* Preview Assets.xcassets */,
			);
			path = "Preview Content";
			sourceTree = "<group>";
		};
		37A4FEA02AED8B5D0066E8E2 /* Views */ = {
			isa = PBXGroup;
			children = (
				37A4FE8E2AEBF5B70066E8E2 /* WelView.swift */,
				37A4FE902AEBFE930066E8E2 /* HomeView.swift */,
				37A4FE922AEC392B0066E8E2 /* SplashView.swift */,
				37A4FE962AEC65310066E8E2 /* TapView.swift */,
				37A4FE982AEC66D50066E8E2 /* NewLoanView.swift */,
				37A4FE9A2AEC6FDA0066E8E2 /* AccountView.swift */,
				37A4FE9E2AED79900066E8E2 /* WrongView.swift */,
				37A4FE9C2AED75C70066E8E2 /* SuccView.swift */,
				37A4FE942AEC3E400066E8E2 /* SignInView.swift */,
			);
			path = Views;
			sourceTree = "<group>";
		};
/* End PBXGroup section */

/* Begin PBXNativeTarget section */
		3779A52A2AEBEC7A0056D734 /* FastLoan */ = {
			isa = PBXNativeTarget;
			buildConfigurationList = 3779A5392AEBEC7D0056D734 /* Build configuration list for PBXNativeTarget "FastLoan" */;
			buildPhases = (
				3779A5272AEBEC7A0056D734 /* Sources */,
				3779A5282AEBEC7A0056D734 /* Frameworks */,
				3779A5292AEBEC7A0056D734 /* Resources */,
			);
			buildRules = (
			);
			dependencies = (
			);
			name = FastLoan;
			productName = FastLoan;
			productReference = 3779A52B2AEBEC7A0056D734 /* FastLoan.app */;
			productType = "com.apple.product-type.application";
		};
/* End PBXNativeTarget section */

/* Begin PBXProject section */
		3779A5232AEBEC7A0056D734 /* Project object */ = {
			isa = PBXProject;
			attributes = {
				BuildIndependentTargetsInParallel = 1;
				LastSwiftUpdateCheck = 1500;
				LastUpgradeCheck = 1500;
				TargetAttributes = {
					3779A52A2AEBEC7A0056D734 = {
						CreatedOnToolsVersion = 15.0.1;
					};
				};
			};
			buildConfigurationList = 3779A5262AEBEC7A0056D734 /* Build configuration list for PBXProject "FastLoan" */;
			compatibilityVersion = "Xcode 14.0";
			developmentRegion = en;
			hasScannedForEncodings = 0;
			knownRegions = (
				en,
				Base,
			);
			mainGroup = 3779A5222AEBEC7A0056D734;
			productRefGroup = 3779A52C2AEBEC7A0056D734 /* Products */;
			projectDirPath = "";
			projectRoot = "";
			targets = (
				3779A52A2AEBEC7A0056D734 /* FastLoan */,
			);
		};
/* End PBXProject section */

/* Begin PBXResourcesBuildPhase section */
		3779A5292AEBEC7A0056D734 /* Resources */ = {
			isa = PBXResourcesBuildPhase;
			buildActionMask = 2147483647;
			files = (
				3779A5362AEBEC7D0056D734 /* Preview Assets.xcassets in Resources */,
				3779A5332AEBEC7D0056D734 /* Assets.xcassets in Resources */,
			);
			runOnlyForDeploymentPostprocessing = 0;
		};
/* End PBXResourcesBuildPhase section */

/* Begin PBXSourcesBuildPhase section */
		3779A5272AEBEC7A0056D734 /* Sources */ = {
			isa = PBXSourcesBuildPhase;
			buildActionMask = 2147483647;
			files = (
				37A4FE952AEC3E400066E8E2 /* SignInView.swift in Sources */,
				37A4FE9F2AED79900066E8E2 /* WrongView.swift in Sources */,
				37A4FE8F2AEBF5B70066E8E2 /* WelView.swift in Sources */,
				37A4FE912AEBFE930066E8E2 /* HomeView.swift in Sources */,
				37A4FE992AEC66D50066E8E2 /* NewLoanView.swift in Sources */,
				37A4FE932AEC392B0066E8E2 /* SplashView.swift in Sources */,
				3779A5312AEBEC7A0056D734 /* ContentView.swift in Sources */,
				37A4FE9B2AEC6FDA0066E8E2 /* AccountView.swift in Sources */,
				3779A52F2AEBEC7A0056D734 /* FastLoanApp.swift in Sources */,
				37A4FE9D2AED75C70066E8E2 /* SuccView.swift in Sources */,
				37A4FE972AEC65310066E8E2 /* TapView.swift in Sources */,
			);
			runOnlyForDeploymentPostprocessing = 0;
		};
/* End PBXSourcesBuildPhase section */

/* Begin XCBuildConfiguration section */
		3779A5372AEBEC7D0056D734 /* Debug */ = {
			isa = XCBuildConfiguration;
			buildSettings = {
				ALWAYS_SEARCH_USER_PATHS = NO;
				ASSETCATALOG_COMPILER_GENERATE_SWIFT_ASSET_SYMBOL_EXTENSIONS = YES;
				CLANG_ANALYZER_NONNULL = YES;
				CLANG_ANALYZER_NUMBER_OBJECT_CONVERSION = YES_AGGRESSIVE;
				CLANG_CXX_LANGUAGE_STANDARD = "gnu++20";
				CLANG_ENABLE_MODULES = YES;
				CLANG_ENABLE_OBJC_ARC = YES;
				CLANG_ENABLE_OBJC_WEAK = YES;
				CLANG_WARN_BLOCK_CAPTURE_AUTORELEASING = YES;
				CLANG_WARN_BOOL_CONVERSION = YES;
				CLANG_WARN_COMMA = YES;
				CLANG_WARN_CONSTANT_CONVERSION = YES;
				CLANG_WARN_DEPRECATED_OBJC_IMPLEMENTATIONS = YES;
				CLANG_WARN_DIRECT_OBJC_ISA_USAGE = YES_ERROR;
				CLANG_WARN_DOCUMENTATION_COMMENTS = YES;
				CLANG_WARN_EMPTY_BODY = YES;
				CLANG_WARN_ENUM_CONVERSION = YES;
				CLANG_WARN_INFINITE_RECURSION = YES;
				CLANG_WARN_INT_CONVERSION = YES;
				CLANG_WARN_NON_LITERAL_NULL_CONVERSION = YES;
				CLANG_WARN_OBJC_IMPLICIT_RETAIN_SELF = YES;
				CLANG_WARN_OBJC_LITERAL_CONVERSION = YES;
				CLANG_WARN_OBJC_ROOT_CLASS = YES_ERROR;
				CLANG_WARN_QUOTED_INCLUDE_IN_FRAMEWORK_HEADER = YES;
				CLANG_WARN_RANGE_LOOP_ANALYSIS = YES;
				CLANG_WARN_STRICT_PROTOTYPES = YES;
				CLANG_WARN_SUSPICIOUS_MOVE = YES;
				CLANG_WARN_UNGUARDED_AVAILABILITY = YES_AGGRESSIVE;
				CLANG_WARN_UNREACHABLE_CODE = YES;
				CLANG_WARN__DUPLICATE_METHOD_MATCH = YES;
				COPY_PHASE_STRIP = NO;
				DEBUG_INFORMATION_FORMAT = dwarf;
				ENABLE_STRICT_OBJC_MSGSEND = YES;
				ENABLE_TESTABILITY = YES;
				ENABLE_USER_SCRIPT_SANDBOXING = YES;
				GCC_C_LANGUAGE_STANDARD = gnu17;
				GCC_DYNAMIC_NO_PIC = NO;
				GCC_NO_COMMON_BLOCKS = YES;
				GCC_OPTIMIZATION_LEVEL = 0;
				GCC_PREPROCESSOR_DEFINITIONS = (
					"DEBUG=1",
					"$(inherited)",
				);
				GCC_WARN_64_TO_32_BIT_CONVERSION = YES;
				GCC_WARN_ABOUT_RETURN_TYPE = YES_ERROR;
				GCC_WARN_UNDECLARED_SELECTOR = YES;
				GCC_WARN_UNINITIALIZED_AUTOS = YES_AGGRESSIVE;
				GCC_WARN_UNUSED_FUNCTION = YES;
				GCC_WARN_UNUSED_VARIABLE = YES;
				IPHONEOS_DEPLOYMENT_TARGET = 17.0;
				LOCALIZATION_PREFERS_STRING_CATALOGS = YES;
				MTL_ENABLE_DEBUG_INFO = INCLUDE_SOURCE;
				MTL_FAST_MATH = YES;
				ONLY_ACTIVE_ARCH = YES;
				SDKROOT = iphoneos;
				SWIFT_ACTIVE_COMPILATION_CONDITIONS = "DEBUG $(inherited)";
				SWIFT_OPTIMIZATION_LEVEL = "-Onone";
			};
			name = Debug;
		};
		3779A5382AEBEC7D0056D734 /* Release */ = {
			isa = XCBuildConfiguration;
			buildSettings = {
				ALWAYS_SEARCH_USER_PATHS = NO;
				ASSETCATALOG_COMPILER_GENERATE_SWIFT_ASSET_SYMBOL_EXTENSIONS = YES;
				CLANG_ANALYZER_NONNULL = YES;
				CLANG_ANALYZER_NUMBER_OBJECT_CONVERSION = YES_AGGRESSIVE;
				CLANG_CXX_LANGUAGE_STANDARD = "gnu++20";
				CLANG_ENABLE_MODULES = YES;
				CLANG_ENABLE_OBJC_ARC = YES;
				CLANG_ENABLE_OBJC_WEAK = YES;
				CLANG_WARN_BLOCK_CAPTURE_AUTORELEASING = YES;
				CLANG_WARN_BOOL_CONVERSION = YES;
				CLANG_WARN_COMMA = YES;
				CLANG_WARN_CONSTANT_CONVERSION = YES;
				CLANG_WARN_DEPRECATED_OBJC_IMPLEMENTATIONS = YES;
				CLANG_WARN_DIRECT_OBJC_ISA_USAGE = YES_ERROR;
				CLANG_WARN_DOCUMENTATION_COMMENTS = YES;
				CLANG_WARN_EMPTY_BODY = YES;
				CLANG_WARN_ENUM_CONVERSION = YES;
				CLANG_WARN_INFINITE_RECURSION = YES;
				CLANG_WARN_INT_CONVERSION = YES;
				CLANG_WARN_NON_LITERAL_NULL_CONVERSION = YES;
				CLANG_WARN_OBJC_IMPLICIT_RETAIN_SELF = YES;
				CLANG_WARN_OBJC_LITERAL_CONVERSION = YES;
				CLANG_WARN_OBJC_ROOT_CLASS = YES_ERROR;
				CLANG_WARN_QUOTED_INCLUDE_IN_FRAMEWORK_HEADER = YES;
				CLANG_WARN_RANGE_LOOP_ANALYSIS = YES;
				CLANG_WARN_STRICT_PROTOTYPES = YES;
				CLANG_WARN_SUSPICIOUS_MOVE = YES;
				CLANG_WARN_UNGUARDED_AVAILABILITY = YES_AGGRESSIVE;
				CLANG_WARN_UNREACHABLE_CODE = YES;
				CLANG_WARN__DUPLICATE_METHOD_MATCH = YES;
				COPY_PHASE_STRIP = NO;
				DEBUG_INFORMATION_FORMAT = "dwarf-with-dsym";
				ENABLE_NS_ASSERTIONS = NO;
				ENABLE_STRICT_OBJC_MSGSEND = YES;
				ENABLE_USER_SCRIPT_SANDBOXING = YES;
				GCC_C_LANGUAGE_STANDARD = gnu17;
				GCC_NO_COMMON_BLOCKS = YES;
				GCC_WARN_64_TO_32_BIT_CONVERSION = YES;
				GCC_WARN_ABOUT_RETURN_TYPE = YES_ERROR;
				GCC_WARN_UNDECLARED_SELECTOR = YES;
				GCC_WARN_UNINITIALIZED_AUTOS = YES_AGGRESSIVE;
				GCC_WARN_UNUSED_FUNCTION = YES;
				GCC_WARN_UNUSED_VARIABLE = YES;
				IPHONEOS_DEPLOYMENT_TARGET = 17.0;
				LOCALIZATION_PREFERS_STRING_CATALOGS = YES;
				MTL_ENABLE_DEBUG_INFO = NO;
				MTL_FAST_MATH = YES;
				SDKROOT = iphoneos;
				SWIFT_COMPILATION_MODE = wholemodule;
				VALIDATE_PRODUCT = YES;
			};
			name = Release;
		};
		3779A53A2AEBEC7D0056D734 /* Debug */ = {
			isa = XCBuildConfiguration;
			buildSettings = {
				ASSETCATALOG_COMPILER_APPICON_NAME = AppIcon;
				ASSETCATALOG_COMPILER_GLOBAL_ACCENT_COLOR_NAME = AccentColor;
				CODE_SIGN_STYLE = Automatic;
				CURRENT_PROJECT_VERSION = 1;
				DEVELOPMENT_ASSET_PATHS = "\"FastLoan/Preview Content\"";
				ENABLE_PREVIEWS = YES;
				GENERATE_INFOPLIST_FILE = YES;
				INFOPLIST_KEY_UIApplicationSceneManifest_Generation = YES;
				INFOPLIST_KEY_UIApplicationSupportsIndirectInputEvents = YES;
				INFOPLIST_KEY_UILaunchScreen_Generation = YES;
				INFOPLIST_KEY_UISupportedInterfaceOrientations_iPad = "UIInterfaceOrientationPortrait UIInterfaceOrientationPortraitUpsideDown UIInterfaceOrientationLandscapeLeft UIInterfaceOrientationLandscapeRight";
				INFOPLIST_KEY_UISupportedInterfaceOrientations_iPhone = "UIInterfaceOrientationPortrait UIInterfaceOrientationLandscapeLeft UIInterfaceOrientationLandscapeRight";
				LD_RUNPATH_SEARCH_PATHS = (
					"$(inherited)",
					"@executable_path/Frameworks",
				);
				MARKETING_VERSION = 1.0;
				PRODUCT_BUNDLE_IDENTIFIER = com.example.FastLoan;
				PRODUCT_NAME = "$(TARGET_NAME)";
				SWIFT_EMIT_LOC_STRINGS = YES;
				SWIFT_VERSION = 5.0;
				TARGETED_DEVICE_FAMILY = "1,2";
			};
			name = Debug;
		};
		3779A53B2AEBEC7D0056D734 /* Release */ = {
			isa = XCBuildConfiguration;
			buildSettings = {
				ASSETCATALOG_COMPILER_APPICON_NAME = AppIcon;
				ASSETCATALOG_COMPILER_GLOBAL_ACCENT_COLOR_NAME = AccentColor;
				CODE_SIGN_STYLE = Automatic;
				CURRENT_PROJECT_VERSION = 1;
				DEVELOPMENT_ASSET_PATHS = "\"FastLoan/Preview Content\"";
				ENABLE_PREVIEWS = YES;
				GENERATE_INFOPLIST_FILE = YES;
				INFOPLIST_KEY_UIApplicationSceneManifest_Generation = YES;
				INFOPLIST_KEY_UIApplicationSupportsIndirectInputEvents = YES;
				INFOPLIST_KEY_UILaunchScreen_Generation = YES;
				INFOPLIST_KEY_UISupportedInterfaceOrientations_iPad = "UIInterfaceOrientationPortrait UIInterfaceOrientationPortraitUpsideDown UIInterfaceOrientationLandscapeLeft UIInterfaceOrientationLandscapeRight";
				INFOPLIST_KEY_UISupportedInterfaceOrientations_iPhone = "UIInterfaceOrientationPortrait UIInterfaceOrientationLandscapeLeft UIInterfaceOrientationLandscapeRight";
				LD_RUNPATH_SEARCH_PATHS = (
					"$(inherited)",
					"@executable_path/Frameworks",
				);
				MARKETING_VERSION = 1.0;
				PRODUCT_BUNDLE_IDENTIFIER = com.example.FastLoan;
				PRODUCT_NAME = "$(TARGET_NAME)";
				SWIFT_EMIT_LOC_STRINGS = YES;
				SWIFT_VERSION = 5.0;
				TARGETED_DEVICE_FAMILY = "1,2";
			};
			name = Release;
		};
/* End XCBuildConfiguration section */

/* Begin XCConfigurationList section */
		3779A5262AEBEC7A0056D734 /* Build configuration list for PBXProject "FastLoan" */ = {
			isa = XCConfigurationList;
			buildConfigurations = (
				3779A5372AEBEC7D0056D734 /* Debug */,
				3779A5382AEBEC7D0056D734 /* Release */,
			);
			defaultConfigurationIsVisible = 0;
			defaultConfigurationName = Release;
		};
		3779A5392AEBEC7D0056D734 /* Build configuration list for PBXNativeTarget "FastLoan" */ = {
			isa = XCConfigurationList;
			buildConfigurations = (
				3779A53A2AEBEC7D0056D734 /* Debug */,
				3779A53B2AEBEC7D0056D734 /* Release */,
			);
			defaultConfigurationIsVisible = 0;
			defaultConfigurationName = Release;
		};
/* End XCConfigurationList section */
	};
	rootObject = 3779A5232AEBEC7A0056D734 /* Project object */;
}
